
Microsoft Visual Studio Solution File, Format Version 12.00
# Visual Studio 15
VisualStudioVersion = 15.0.27703.2026
MinimumVisualStudioVersion = 10.0.40219.1
Project("{FAE04EC0-301F-11D3-BF4B-00C04F79EFBC}") = "VacationDaysTracker.Android", "VacationDaysTracker\VacationDaysTracker.Android\VacationDaysTracker.Android.csproj", "{67C447D1-A0AB-42EE-9F31-8089C82E796D}"
EndProject
Project("{FAE04EC0-301F-11D3-BF4B-00C04F79EFBC}") = "VacationDaysTracker.iOS", "VacationDaysTracker\VacationDaysTracker.iOS\VacationDaysTracker.iOS.csproj", "{B7B06809-E34A-4392-9C1B-4341BBBB7D19}"
EndProject
Project("{FAE04EC0-301F-11D3-BF4B-00C04F79EFBC}") = "VacationDaysTracker.UWP", "VacationDaysTracker\VacationDaysTracker.UWP\VacationDaysTracker.UWP.csproj", "{887DB08C-8BAD-4BDE-A73E-B7A2CF11FEED}"
EndProject
Project("{D954291E-2A0B-460D-934E-DC6B0785DB48}") = "VacationDaysTracker", "VacationDaysTracker\VacationDaysTracker\VacationDaysTracker.shproj", "{60954E62-0684-4013-BFC4-A8B7CF220368}"
EndProject
Global
	GlobalSection(SharedMSBuildProjectFiles) = preSolution
		VacationDaysTracker\VacationDaysTracker\VacationDaysTracker.projitems*{60954e62-0684-4013-bfc4-a8b7cf220368}*SharedItemsImports = 13
		VacationDaysTracker\VacationDaysTracker\VacationDaysTracker.projitems*{67c447d1-a0ab-42ee-9f31-8089c82e796d}*SharedItemsImports = 4
		VacationDaysTracker\VacationDaysTracker\VacationDaysTracker.projitems*{887db08c-8bad-4bde-a73e-b7a2cf11feed}*SharedItemsImports = 4
		VacationDaysTracker\VacationDaysTracker\VacationDaysTracker.projitems*{b7b06809-e34a-4392-9c1b-4341bbbb7d19}*SharedItemsImports = 4
	EndGlobalSection
	GlobalSection(SolutionConfigurationPlatforms) = preSolution
		Ad-Hoc|Any CPU = Ad-Hoc|Any CPU
		Ad-Hoc|ARM = Ad-Hoc|ARM
		Ad-Hoc|iPhone = Ad-Hoc|iPhone
		Ad-Hoc|iPhoneSimulator = Ad-Hoc|iPhoneSimulator
		Ad-Hoc|x64 = Ad-Hoc|x64
		Ad-Hoc|x86 = Ad-Hoc|x86
		AppStore|Any CPU = AppStore|Any CPU
		AppStore|ARM = AppStore|ARM
		AppStore|iPhone = AppStore|iPhone
		AppStore|iPhoneSimulator = AppStore|iPhoneSimulator
		AppStore|x64 = AppStore|x64
		AppStore|x86 = AppStore|x86
		Debug|Any CPU = Debug|Any CPU
		Debug|ARM = Debug|ARM
		Debug|iPhone = Debug|iPhone
		Debug|iPhoneSimulator = Debug|iPhoneSimulator
		Debug|x64 = Debug|x64
		Debug|x86 = Debug|x86
		Release|Any CPU = Release|Any CPU
		Release|ARM = Release|ARM
		Release|iPhone = Release|iPhone
		Release|iPhoneSimulator = Release|iPhoneSimulator
		Release|x64 = Release|x64
		Release|x86 = Release|x86
	EndGlobalSection
	GlobalSection(ProjectConfigurationPlatforms) = postSolution
		{67C447D1-A0AB-42EE-9F31-8089C82E796D}.Ad-Hoc|Any CPU.ActiveCfg = Release|Any CPU
		{67C447D1-A0AB-42EE-9F31-8089C82E796D}.Ad-Hoc|Any CPU.Build.0 = Release|Any CPU
		{67C447D1-A0AB-42EE-9F31-8089C82E796D}.Ad-Hoc|Any CPU.Deploy.0 = Release|Any CPU
		{67C447D1-A0AB-42EE-9F31-8089C82E796D}.Ad-Hoc|ARM.ActiveCfg = Release|Any CPU
		{67C447D1-A0AB-42EE-9F31-8089C82E796D}.Ad-Hoc|ARM.Build.0 = Release|Any CPU
		{67C447D1-A0AB-42EE-9F31-8089C82E796D}.Ad-Hoc|ARM.Deploy.0 = Release|Any CPU
		{67C447D1-A0AB-42EE-9F31-8089C82E796D}.Ad-Hoc|iPhone.ActiveCfg = Release|Any CPU
		{67C447D1-A0AB-42EE-9F31-8089C82E796D}.Ad-Hoc|iPhone.Build.0 = Release|Any CPU
		{67C447D1-A0AB-42EE-9F31-8089C82E796D}.Ad-Hoc|iPhone.Deploy.0 = Release|Any CPU
		{67C447D1-A0AB-42EE-9F31-8089C82E796D}.Ad-Hoc|iPhoneSimulator.ActiveCfg = Release|Any CPU
		{67C447D1-A0AB-42EE-9F31-8089C82E796D}.Ad-Hoc|iPhoneSimulator.Build.0 = Release|Any CPU
		{67C447D1-A0AB-42EE-9F31-8089C82E796D}.Ad-Hoc|iPhoneSimulator.Deploy.0 = Release|Any CPU
		{67C447D1-A0AB-42EE-9F31-8089C82E796D}.Ad-Hoc|x64.ActiveCfg = Release|Any CPU
		{67C447D1-A0AB-42EE-9F31-8089C82E796D}.Ad-Hoc|x64.Build.0 = Release|Any CPU
		{67C447D1-A0AB-42EE-9F31-8089C82E796D}.Ad-Hoc|x64.Deploy.0 = Release|Any CPU
		{67C447D1-A0AB-42EE-9F31-8089C82E796D}.Ad-Hoc|x86.ActiveCfg = Release|Any CPU
		{67C447D1-A0AB-42EE-9F31-8089C82E796D}.Ad-Hoc|x86.Build.0 = Release|Any CPU
		{67C447D1-A0AB-42EE-9F31-8089C82E796D}.Ad-Hoc|x86.Deploy.0 = Release|Any CPU
		{67C447D1-A0AB-42EE-9F31-8089C82E796D}.AppStore|Any CPU.ActiveCfg = Release|Any CPU
		{67C447D1-A0AB-42EE-9F31-8089C82E796D}.AppStore|Any CPU.Build.0 = Release|Any CPU
		{67C447D1-A0AB-42EE-9F31-8089C82E796D}.AppStore|Any CPU.Deploy.0 = Release|Any CPU
		{67C447D1-A0AB-42EE-9F31-8089C82E796D}.AppStore|ARM.ActiveCfg = Release|Any CPU
		{67C447D1-A0AB-42EE-9F31-8089C82E796D}.AppStore|ARM.Build.0 = Release|Any CPU
		{67C447D1-A0AB-42EE-9F31-8089C82E796D}.AppStore|ARM.Deploy.0 = Release|Any CPU
		{67C447D1-A0AB-42EE-9F31-8089C82E796D}.AppStore|iPhone.ActiveCfg = Release|Any CPU
		{67C447D1-A0AB-42EE-9F31-8089C82E796D}.AppStore|iPhone.Build.0 = Release|Any CPU
		{67C447D1-A0AB-42EE-9F31-8089C82E796D}.AppStore|iPhone.Deploy.0 = Release|Any CPU
		{67C447D1-A0AB-42EE-9F31-8089C82E796D}.AppStore|iPhoneSimulator.ActiveCfg = Release|Any CPU
		{67C447D1-A0AB-42EE-9F31-8089C82E796D}.AppStore|iPhoneSimulator.Build.0 = Release|Any CPU
		{67C447D1-A0AB-42EE-9F31-8089C82E796D}.AppStore|iPhoneSimulator.Deploy.0 = Release|Any CPU
		{67C447D1-A0AB-42EE-9F31-8089C82E796D}.AppStore|x64.ActiveCfg = Release|Any CPU
		{67C447D1-A0AB-42EE-9F31-8089C82E796D}.AppStore|x64.Build.0 = Release|Any CPU
		{67C447D1-A0AB-42EE-9F31-8089C82E796D}.AppStore|x64.Deploy.0 = Release|Any CPU
		{67C447D1-A0AB-42EE-9F31-8089C82E796D}.AppStore|x86.ActiveCfg = Release|Any CPU
		{67C447D1-A0AB-42EE-9F31-8089C82E796D}.AppStore|x86.Build.0 = Release|Any CPU
		{67C447D1-A0AB-42EE-9F31-8089C82E796D}.AppStore|x86.Deploy.0 = Release|Any CPU
		{67C447D1-A0AB-42EE-9F31-8089C82E796D}.Debug|Any CPU.ActiveCfg = Debug|Any CPU
		{67C447D1-A0AB-42EE-9F31-8089C82E796D}.Debug|Any CPU.Build.0 = Debug|Any CPU
		{67C447D1-A0AB-42EE-9F31-8089C82E796D}.Debug|Any CPU.Deploy.0 = Debug|Any CPU
		{67C447D1-A0AB-42EE-9F31-8089C82E796D}.Debug|ARM.ActiveCfg = Debug|Any CPU
		{67C447D1-A0AB-42EE-9F31-8089C82E796D}.Debug|ARM.Build.0 = Debug|Any CPU
		{67C447D1-A0AB-42EE-9F31-8089C82E796D}.Debug|ARM.Deploy.0 = Debug|Any CPU
		{67C447D1-A0AB-42EE-9F31-8089C82E796D}.Debug|iPhone.ActiveCfg = Debug|Any CPU
		{67C447D1-A0AB-42EE-9F31-8089C82E796D}.Debug|iPhone.Build.0 = Debug|Any CPU
		{67C447D1-A0AB-42EE-9F31-8089C82E796D}.Debug|iPhone.Deploy.0 = Debug|Any CPU
		{67C447D1-A0AB-42EE-9F31-8089C82E796D}.Debug|iPhoneSimulator.ActiveCfg = Debug|Any CPU
		{67C447D1-A0AB-42EE-9F31-8089C82E796D}.Debug|iPhoneSimulator.Build.0 = Debug|Any CPU
		{67C447D1-A0AB-42EE-9F31-8089C82E796D}.Debug|iPhoneSimulator.Deploy.0 = Debug|Any CPU
		{67C447D1-A0AB-42EE-9F31-8089C82E796D}.Debug|x64.ActiveCfg = Debug|Any CPU
		{67C447D1-A0AB-42EE-9F31-8089C82E796D}.Debug|x64.Build.0 = Debug|Any CPU
		{67C447D1-A0AB-42EE-9F31-8089C82E796D}.Debug|x64.Deploy.0 = Debug|Any CPU
		{67C447D1-A0AB-42EE-9F31-8089C82E796D}.Debug|x86.ActiveCfg = Debug|Any CPU
		{67C447D1-A0AB-42EE-9F31-8089C82E796D}.Debug|x86.Build.0 = Debug|Any CPU
		{67C447D1-A0AB-42EE-9F31-8089C82E796D}.Debug|x86.Deploy.0 = Debug|Any CPU
		{67C447D1-A0AB-42EE-9F31-8089C82E796D}.Release|Any CPU.ActiveCfg = Release|Any CPU
		{67C447D1-A0AB-42EE-9F31-8089C82E796D}.Release|Any CPU.Build.0 = Release|Any CPU
		{67C447D1-A0AB-42EE-9F31-8089C82E796D}.Release|Any CPU.Deploy.0 = Release|Any CPU
		{67C447D1-A0AB-42EE-9F31-8089C82E796D}.Release|ARM.ActiveCfg = Release|Any CPU
		{67C447D1-A0AB-42EE-9F31-8089C82E796D}.Release|ARM.Build.0 = Release|Any CPU
		{67C447D1-A0AB-42EE-9F31-8089C82E796D}.Release|ARM.Deploy.0 = Release|Any CPU
		{67C447D1-A0AB-42EE-9F31-8089C82E796D}.Release|iPhone.ActiveCfg = Release|Any CPU
		{67C447D1-A0AB-42EE-9F31-8089C82E796D}.Release|iPhone.Build.0 = Release|Any CPU
		{67C447D1-A0AB-42EE-9F31-8089C82E796D}.Release|iPhone.Deploy.0 = Release|Any CPU
		{67C447D1-A0AB-42EE-9F31-8089C82E796D}.Release|iPhoneSimulator.ActiveCfg = Release|Any CPU
		{67C447D1-A0AB-42EE-9F31-8089C82E796D}.Release|iPhoneSimulator.Build.0 = Release|Any CPU
		{67C447D1-A0AB-42EE-9F31-8089C82E796D}.Release|iPhoneSimulator.Deploy.0 = Release|Any CPU
		{67C447D1-A0AB-42EE-9F31-8089C82E796D}.Release|x64.ActiveCfg = Release|Any CPU
		{67C447D1-A0AB-42EE-9F31-8089C82E796D}.Release|x64.Build.0 = Release|Any CPU
		{67C447D1-A0AB-42EE-9F31-8089C82E796D}.Release|x64.Deploy.0 = Release|Any CPU
		{67C447D1-A0AB-42EE-9F31-8089C82E796D}.Release|x86.ActiveCfg = Release|Any CPU
		{67C447D1-A0AB-42EE-9F31-8089C82E796D}.Release|x86.Build.0 = Release|Any CPU
		{67C447D1-A0AB-42EE-9F31-8089C82E796D}.Release|x86.Deploy.0 = Release|Any CPU
		{B7B06809-E34A-4392-9C1B-4341BBBB7D19}.Ad-Hoc|Any CPU.ActiveCfg = Ad-Hoc|iPhone
		{B7B06809-E34A-4392-9C1B-4341BBBB7D19}.Ad-Hoc|Any CPU.Build.0 = Ad-Hoc|iPhone
		{B7B06809-E34A-4392-9C1B-4341BBBB7D19}.Ad-Hoc|Any CPU.Deploy.0 = Ad-Hoc|iPhone
		{B7B06809-E34A-4392-9C1B-4341BBBB7D19}.Ad-Hoc|ARM.ActiveCfg = Ad-Hoc|iPhone
		{B7B06809-E34A-4392-9C1B-4341BBBB7D19}.Ad-Hoc|ARM.Build.0 = Ad-Hoc|iPhone
		{B7B06809-E34A-4392-9C1B-4341BBBB7D19}.Ad-Hoc|ARM.Deploy.0 = Ad-Hoc|iPhone
		{B7B06809-E34A-4392-9C1B-4341BBBB7D19}.Ad-Hoc|iPhone.ActiveCfg = Ad-Hoc|iPhone
		{B7B06809-E34A-4392-9C1B-4341BBBB7D19}.Ad-Hoc|iPhone.Build.0 = Ad-Hoc|iPhone
		{B7B06809-E34A-4392-9C1B-4341BBBB7D19}.Ad-Hoc|iPhone.Deploy.0 = Ad-Hoc|iPhone
		{B7B06809-E34A-4392-9C1B-4341BBBB7D19}.Ad-Hoc|iPhoneSimulator.ActiveCfg = Ad-Hoc|iPhoneSimulator
		{B7B06809-E34A-4392-9C1B-4341BBBB7D19}.Ad-Hoc|iPhoneSimulator.Build.0 = Ad-Hoc|iPhoneSimulator
		{B7B06809-E34A-4392-9C1B-4341BBBB7D19}.Ad-Hoc|iPhoneSimulator.Deploy.0 = Ad-Hoc|iPhoneSimulator
		{B7B06809-E34A-4392-9C1B-4341BBBB7D19}.Ad-Hoc|x64.ActiveCfg = Ad-Hoc|iPhone
		{B7B06809-E34A-4392-9C1B-4341BBBB7D19}.Ad-Hoc|x64.Build.0 = Ad-Hoc|iPhone
		{B7B06809-E34A-4392-9C1B-4341BBBB7D19}.Ad-Hoc|x64.Deploy.0 = Ad-Hoc|iPhone
		{B7B06809-E34A-4392-9C1B-4341BBBB7D19}.Ad-Hoc|x86.ActiveCfg = Ad-Hoc|iPhone
		{B7B06809-E34A-4392-9C1B-4341BBBB7D19}.Ad-Hoc|x86.Build.0 = Ad-Hoc|iPhone
		{B7B06809-E34A-4392-9C1B-4341BBBB7D19}.Ad-Hoc|x86.Deploy.0 = Ad-Hoc|iPhone
		{B7B06809-E34A-4392-9C1B-4341BBBB7D19}.AppStore|Any CPU.ActiveCfg = AppStore|iPhone
		{B7B06809-E34A-4392-9C1B-4341BBBB7D19}.AppStore|Any CPU.Build.0 = AppStore|iPhone
		{B7B06809-E34A-4392-9C1B-4341BBBB7D19}.AppStore|Any CPU.Deploy.0 = AppStore|iPhone
		{B7B06809-E34A-4392-9C1B-4341BBBB7D19}.AppStore|ARM.ActiveCfg = AppStore|iPhone
		{B7B06809-E34A-4392-9C1B-4341BBBB7D19}.AppStore|ARM.Build.0 = AppStore|iPhone
		{B7B06809-E34A-4392-9C1B-4341BBBB7D19}.AppStore|ARM.Deploy.0 = AppStore|iPhone
		{B7B06809-E34A-4392-9C1B-4341BBBB7D19}.AppStore|iPhone.ActiveCfg = AppStore|iPhone
		{B7B06809-E34A-4392-9C1B-4341BBBB7D19}.AppStore|iPhone.Build.0 = AppStore|iPhone
		{B7B06809-E34A-4392-9C1B-4341BBBB7D19}.AppStore|iPhone.Deploy.0 = AppStore|iPhone
		{B7B06809-E34A-4392-9C1B-4341BBBB7D19}.AppStore|iPhoneSimulator.ActiveCfg = AppStore|iPhoneSimulator
		{B7B06809-E34A-4392-9C1B-4341BBBB7D19}.AppStore|iPhoneSimulator.Build.0 = AppStore|iPhoneSimulator
		{B7B06809-E34A-4392-9C1B-4341BBBB7D19}.AppStore|iPhoneSimulator.Deploy.0 = AppStore|iPhoneSimulator
		{B7B06809-E34A-4392-9C1B-4341BBBB7D19}.AppStore|x64.ActiveCfg = AppStore|iPhone
		{B7B06809-E34A-4392-9C1B-4341BBBB7D19}.AppStore|x64.Build.0 = AppStore|iPhone
		{B7B06809-E34A-4392-9C1B-4341BBBB7D19}.AppStore|x64.Deploy.0 = AppStore|iPhone
		{B7B06809-E34A-4392-9C1B-4341BBBB7D19}.AppStore|x86.ActiveCfg = AppStore|iPhone
		{B7B06809-E34A-4392-9C1B-4341BBBB7D19}.AppStore|x86.Build.0 = AppStore|iPhone
		{B7B06809-E34A-4392-9C1B-4341BBBB7D19}.AppStore|x86.Deploy.0 = AppStore|iPhone
		{B7B06809-E34A-4392-9C1B-4341BBBB7D19}.Debug|Any CPU.ActiveCfg = Debug|iPhoneSimulator
		{B7B06809-E34A-4392-9C1B-4341BBBB7D19}.Debug|Any CPU.Build.0 = Debug|iPhoneSimulator
		{B7B06809-E34A-4392-9C1B-4341BBBB7D19}.Debug|Any CPU.Deploy.0 = Debug|iPhoneSimulator
		{B7B06809-E34A-4392-9C1B-4341BBBB7D19}.Debug|ARM.ActiveCfg = Debug|iPhone
		{B7B06809-E34A-4392-9C1B-4341BBBB7D19}.Debug|ARM.Build.0 = Debug|iPhone
		{B7B06809-E34A-4392-9C1B-4341BBBB7D19}.Debug|ARM.Deploy.0 = Debug|iPhone
		{B7B06809-E34A-4392-9C1B-4341BBBB7D19}.Debug|iPhone.ActiveCfg = Debug|iPhone
		{B7B06809-E34A-4392-9C1B-4341BBBB7D19}.Debug|iPhone.Build.0 = Debug|iPhone
		{B7B06809-E34A-4392-9C1B-4341BBBB7D19}.Debug|iPhone.Deploy.0 = Debug|iPhone
		{B7B06809-E34A-4392-9C1B-4341BBBB7D19}.Debug|iPhoneSimulator.ActiveCfg = Debug|iPhoneSimulator
		{B7B06809-E34A-4392-9C1B-4341BBBB7D19}.Debug|iPhoneSimulator.Build.0 = Debug|iPhoneSimulator
		{B7B06809-E34A-4392-9C1B-4341BBBB7D19}.Debug|iPhoneSimulator.Deploy.0 = Debug|iPhoneSimulator
		{B7B06809-E34A-4392-9C1B-4341BBBB7D19}.Debug|x64.ActiveCfg = Debug|iPhone
		{B7B06809-E34A-4392-9C1B-4341BBBB7D19}.Debug|x64.Build.0 = Debug|iPhone
		{B7B06809-E34A-4392-9C1B-4341BBBB7D19}.Debug|x64.Deploy.0 = Debug|iPhone
		{B7B06809-E34A-4392-9C1B-4341BBBB7D19}.Debug|x86.ActiveCfg = Debug|iPhone
		{B7B06809-E34A-4392-9C1B-4341BBBB7D19}.Debug|x86.Build.0 = Debug|iPhone
		{B7B06809-E34A-4392-9C1B-4341BBBB7D19}.Debug|x86.Deploy.0 = Debug|iPhone
		{B7B06809-E34A-4392-9C1B-4341BBBB7D19}.Release|Any CPU.ActiveCfg = Release|iPhone
		{B7B06809-E34A-4392-9C1B-4341BBBB7D19}.Release|Any CPU.Build.0 = Release|iPhone
		{B7B06809-E34A-4392-9C1B-4341BBBB7D19}.Release|Any CPU.Deploy.0 = Release|iPhone
		{B7B06809-E34A-4392-9C1B-4341BBBB7D19}.Release|ARM.ActiveCfg = Release|iPhone
		{B7B06809-E34A-4392-9C1B-4341BBBB7D19}.Release|ARM.Build.0 = Release|iPhone
		{B7B06809-E34A-4392-9C1B-4341BBBB7D19}.Release|ARM.Deploy.0 = Release|iPhone
		{B7B06809-E34A-4392-9C1B-4341BBBB7D19}.Release|iPhone.ActiveCfg = Release|iPhone
		{B7B06809-E34A-4392-9C1B-4341BBBB7D19}.Release|iPhone.Build.0 = Release|iPhone
		{B7B06809-E34A-4392-9C1B-4341BBBB7D19}.Release|iPhone.Deploy.0 = Release|iPhone
		{B7B06809-E34A-4392-9C1B-4341BBBB7D19}.Release|iPhoneSimulator.ActiveCfg = Release|iPhoneSimulator
		{B7B06809-E34A-4392-9C1B-4341BBBB7D19}.Release|iPhoneSimulator.Build.0 = Release|iPhoneSimulator
		{B7B06809-E34A-4392-9C1B-4341BBBB7D19}.Release|iPhoneSimulator.Deploy.0 = Release|iPhoneSimulator
		{B7B06809-E34A-4392-9C1B-4341BBBB7D19}.Release|x64.ActiveCfg = Release|iPhone
		{B7B06809-E34A-4392-9C1B-4341BBBB7D19}.Release|x64.Build.0 = Release|iPhone
		{B7B06809-E34A-4392-9C1B-4341BBBB7D19}.Release|x64.Deploy.0 = Release|iPhone
		{B7B06809-E34A-4392-9C1B-4341BBBB7D19}.Release|x86.ActiveCfg = Release|iPhone
		{B7B06809-E34A-4392-9C1B-4341BBBB7D19}.Release|x86.Build.0 = Release|iPhone
		{B7B06809-E34A-4392-9C1B-4341BBBB7D19}.Release|x86.Deploy.0 = Release|iPhone
		{887DB08C-8BAD-4BDE-A73E-B7A2CF11FEED}.Ad-Hoc|Any CPU.ActiveCfg = Release|x86
		{887DB08C-8BAD-4BDE-A73E-B7A2CF11FEED}.Ad-Hoc|Any CPU.Build.0 = Release|x86
		{887DB08C-8BAD-4BDE-A73E-B7A2CF11FEED}.Ad-Hoc|Any CPU.Deploy.0 = Release|x86
		{887DB08C-8BAD-4BDE-A73E-B7A2CF11FEED}.Ad-Hoc|ARM.ActiveCfg = Release|ARM
		{887DB08C-8BAD-4BDE-A73E-B7A2CF11FEED}.Ad-Hoc|ARM.Build.0 = Release|ARM
		{887DB08C-8BAD-4BDE-A73E-B7A2CF11FEED}.Ad-Hoc|ARM.Deploy.0 = Release|ARM
		{887DB08C-8BAD-4BDE-A73E-B7A2CF11FEED}.Ad-Hoc|iPhone.ActiveCfg = Release|x86
		{887DB08C-8BAD-4BDE-A73E-B7A2CF11FEED}.Ad-Hoc|iPhone.Build.0 = Release|x86
		{887DB08C-8BAD-4BDE-A73E-B7A2CF11FEED}.Ad-Hoc|iPhone.Deploy.0 = Release|x86
		{887DB08C-8BAD-4BDE-A73E-B7A2CF11FEED}.Ad-Hoc|iPhoneSimulator.ActiveCfg = Release|x86
		{887DB08C-8BAD-4BDE-A73E-B7A2CF11FEED}.Ad-Hoc|iPhoneSimulator.Build.0 = Release|x86
		{887DB08C-8BAD-4BDE-A73E-B7A2CF11FEED}.Ad-Hoc|iPhoneSimulator.Deploy.0 = Release|x86
		{887DB08C-8BAD-4BDE-A73E-B7A2CF11FEED}.Ad-Hoc|x64.ActiveCfg = Release|x64
		{887DB08C-8BAD-4BDE-A73E-B7A2CF11FEED}.Ad-Hoc|x64.Build.0 = Release|x64
		{887DB08C-8BAD-4BDE-A73E-B7A2CF11FEED}.Ad-Hoc|x64.Deploy.0 = Release|x64
		{887DB08C-8BAD-4BDE-A73E-B7A2CF11FEED}.Ad-Hoc|x86.ActiveCfg = Release|x86
		{887DB08C-8BAD-4BDE-A73E-B7A2CF11FEED}.Ad-Hoc|x86.Build.0 = Release|x86
		{887DB08C-8BAD-4BDE-A73E-B7A2CF11FEED}.Ad-Hoc|x86.Deploy.0 = Release|x86
		{887DB08C-8BAD-4BDE-A73E-B7A2CF11FEED}.AppStore|Any CPU.ActiveCfg = Release|x86
		{887DB08C-8BAD-4BDE-A73E-B7A2CF11FEED}.AppStore|Any CPU.Build.0 = Release|x86
		{887DB08C-8BAD-4BDE-A73E-B7A2CF11FEED}.AppStore|Any CPU.Deploy.0 = Release|x86
		{887DB08C-8BAD-4BDE-A73E-B7A2CF11FEED}.AppStore|ARM.ActiveCfg = Release|ARM
		{887DB08C-8BAD-4BDE-A73E-B7A2CF11FEED}.AppStore|ARM.Build.0 = Release|ARM
		{887DB08C-8BAD-4BDE-A73E-B7A2CF11FEED}.AppStore|ARM.Deploy.0 = Release|ARM
		{887DB08C-8BAD-4BDE-A73E-B7A2CF11FEED}.AppStore|iPhone.ActiveCfg = Release|x86
		{887DB08C-8BAD-4BDE-A73E-B7A2CF11FEED}.AppStore|iPhone.Build.0 = Release|x86
		{887DB08C-8BAD-4BDE-A73E-B7A2CF11FEED}.AppStore|iPhone.Deploy.0 = Release|x86
		{887DB08C-8BAD-4BDE-A73E-B7A2CF11FEED}.AppStore|iPhoneSimulator.ActiveCfg = Release|x86
		{887DB08C-8BAD-4BDE-A73E-B7A2CF11FEED}.AppStore|iPhoneSimulator.Build.0 = Release|x86
		{887DB08C-8BAD-4BDE-A73E-B7A2CF11FEED}.AppStore|iPhoneSimulator.Deploy.0 = Release|x86
		{887DB08C-8BAD-4BDE-A73E-B7A2CF11FEED}.AppStore|x64.ActiveCfg = Release|x64
		{887DB08C-8BAD-4BDE-A73E-B7A2CF11FEED}.AppStore|x64.Build.0 = Release|x64
		{887DB08C-8BAD-4BDE-A73E-B7A2CF11FEED}.AppStore|x64.Deploy.0 = Release|x64
		{887DB08C-8BAD-4BDE-A73E-B7A2CF11FEED}.AppStore|x86.ActiveCfg = Release|x86
		{887DB08C-8BAD-4BDE-A73E-B7A2CF11FEED}.AppStore|x86.Build.0 = Release|x86
		{887DB08C-8BAD-4BDE-A73E-B7A2CF11FEED}.AppStore|x86.Deploy.0 = Release|x86
		{887DB08C-8BAD-4BDE-A73E-B7A2CF11FEED}.Debug|Any CPU.ActiveCfg = Debug|x86
		{887DB08C-8BAD-4BDE-A73E-B7A2CF11FEED}.Debug|Any CPU.Build.0 = Debug|x86
		{887DB08C-8BAD-4BDE-A73E-B7A2CF11FEED}.Debug|Any CPU.Deploy.0 = Debug|x86
		{887DB08C-8BAD-4BDE-A73E-B7A2CF11FEED}.Debug|ARM.ActiveCfg = Debug|ARM
		{887DB08C-8BAD-4BDE-A73E-B7A2CF11FEED}.Debug|ARM.Build.0 = Debug|ARM
		{887DB08C-8BAD-4BDE-A73E-B7A2CF11FEED}.Debug|ARM.Deploy.0 = Debug|ARM
		{887DB08C-8BAD-4BDE-A73E-B7A2CF11FEED}.Debug|iPhone.ActiveCfg = Debug|x86
		{887DB08C-8BAD-4BDE-A73E-B7A2CF11FEED}.Debug|iPhone.Build.0 = Debug|x86
		{887DB08C-8BAD-4BDE-A73E-B7A2CF11FEED}.Debug|iPhone.Deploy.0 = Debug|x86
		{887DB08C-8BAD-4BDE-A73E-B7A2CF11FEED}.Debug|iPhoneSimulator.ActiveCfg = Debug|x86
		{887DB08C-8BAD-4BDE-A73E-B7A2CF11FEED}.Debug|iPhoneSimulator.Build.0 = Debug|x86
		{887DB08C-8BAD-4BDE-A73E-B7A2CF11FEED}.Debug|iPhoneSimulator.Deploy.0 = Debug|x86
		{887DB08C-8BAD-4BDE-A73E-B7A2CF11FEED}.Debug|x64.ActiveCfg = Debug|x64
		{887DB08C-8BAD-4BDE-A73E-B7A2CF11FEED}.Debug|x64.Build.0 = Debug|x64
		{887DB08C-8BAD-4BDE-A73E-B7A2CF11FEED}.Debug|x64.Deploy.0 = Debug|x64
		{887DB08C-8BAD-4BDE-A73E-B7A2CF11FEED}.Debug|x86.ActiveCfg = Debug|x86
		{887DB08C-8BAD-4BDE-A73E-B7A2CF11FEED}.Debug|x86.Build.0 = Debug|x86
		{887DB08C-8BAD-4BDE-A73E-B7A2CF11FEED}.Debug|x86.Deploy.0 = Debug|x86
		{887DB08C-8BAD-4BDE-A73E-B7A2CF11FEED}.Release|Any CPU.ActiveCfg = Release|x86
		{887DB08C-8BAD-4BDE-A73E-B7A2CF11FEED}.Release|Any CPU.Build.0 = Release|x86
		{887DB08C-8BAD-4BDE-A73E-B7A2CF11FEED}.Release|Any CPU.Deploy.0 = Release|x86
		{887DB08C-8BAD-4BDE-A73E-B7A2CF11FEED}.Release|ARM.ActiveCfg = Release|ARM
		{887DB08C-8BAD-4BDE-A73E-B7A2CF11FEED}.Release|ARM.Build.0 = Release|ARM
		{887DB08C-8BAD-4BDE-A73E-B7A2CF11FEED}.Release|ARM.Deploy.0 = Release|ARM
		{887DB08C-8BAD-4BDE-A73E-B7A2CF11FEED}.Release|iPhone.ActiveCfg = Release|x86
		{887DB08C-8BAD-4BDE-A73E-B7A2CF11FEED}.Release|iPhone.Build.0 = Release|x86
		{887DB08C-8BAD-4BDE-A73E-B7A2CF11FEED}.Release|iPhone.Deploy.0 = Release|x86
		{887DB08C-8BAD-4BDE-A73E-B7A2CF11FEED}.Release|iPhoneSimulator.ActiveCfg = Release|x86
		{887DB08C-8BAD-4BDE-A73E-B7A2CF11FEED}.Release|iPhoneSimulator.Build.0 = Release|x86
		{887DB08C-8BAD-4BDE-A73E-B7A2CF11FEED}.Release|iPhoneSimulator.Deploy.0 = Release|x86
		{887DB08C-8BAD-4BDE-A73E-B7A2CF11FEED}.Release|x64.ActiveCfg = Release|x64
		{887DB08C-8BAD-4BDE-A73E-B7A2CF11FEED}.Release|x64.Build.0 = Release|x64
		{887DB08C-8BAD-4BDE-A73E-B7A2CF11FEED}.Release|x64.Deploy.0 = Release|x64
		{887DB08C-8BAD-4BDE-A73E-B7A2CF11FEED}.Release|x86.ActiveCfg = Release|x86
		{887DB08C-8BAD-4BDE-A73E-B7A2CF11FEED}.Release|x86.Build.0 = Release|x86
		{887DB08C-8BAD-4BDE-A73E-B7A2CF11FEED}.Release|x86.Deploy.0 = Release|x86
	EndGlobalSection
	GlobalSection(SolutionProperties) = preSolution
		HideSolutionNode = FALSE
	EndGlobalSection
	GlobalSection(ExtensibilityGlobals) = postSolution
		SolutionGuid = {6E62DFCA-4A01-44F6-80CB-0184600F63F8}
	EndGlobalSection
EndGlobal
